
Microsoft Visual Studio Solution File, Format Version 12.00
# Visual Studio Version 17
VisualStudioVersion = 17.0.32014.148
MinimumVisualStudioVersion = 10.0.40219.1
Project("{FAE04EC0-301F-11D3-BF4B-00C04F79EFBC}") = "AutoComplete repo", "AutoComplete repo.csproj", "{A9A81850-B072-49A3-A285-60F764B75F1C}"
EndProject
Global
	GlobalSection(SolutionConfigurationPlatforms) = preSolution
		Debug|Any CPU = Debug|Any CPU
		Release|Any CPU = Release|Any CPU
	EndGlobalSection
	GlobalSection(ProjectConfigurationPlatforms) = postSolution
		{A9A81850-B072-49A3-A285-60F764B75F1C}.Debug|Any CPU.ActiveCfg = Debug|Any CPU
		{A9A81850-B072-49A3-A285-60F764B75F1C}.Debug|Any CPU.Build.0 = Debug|Any CPU
		{A9A81850-B072-49A3-A285-60F764B75F1C}.Release|Any CPU.ActiveCfg = Release|Any CPU
		{A9A81850-B072-49A3-A285-60F764B75F1C}.Release|Any CPU.Build.0 = Release|Any CPU
	EndGlobalSection
	GlobalSection(SolutionProperties) = preSolution
		HideSolutionNode = FALSE
	EndGlobalSection
	GlobalSection(ExtensibilityGlobals) = postSolution
		SolutionGuid = {213C6E6B-F237-4D12-BC97-2C89DEE730D2}
	EndGlobalSection
EndGlobal
